
Microsoft Visual Studio Solution File, Format Version 12.00
# Visual Studio Version 16
VisualStudioVersion = 16.0.29509.3
MinimumVisualStudioVersion = 10.0.40219.1
Project("{FAE04EC0-301F-11D3-BF4B-00C04F79EFBC}") = "NetNTLMv2Checker", "NetNTLMv2Checker\NetNTLMv2Checker.csproj", "{6AC120C1-E6B3-41E8-9835-E86B1D12FE22}"
EndProject
Global
	GlobalSection(SolutionConfigurationPlatforms) = preSolution
		Debug|Any CPU = Debug|Any CPU
		Release|Any CPU = Release|Any CPU
	EndGlobalSection
	GlobalSection(ProjectConfigurationPlatforms) = postSolution
		{6AC120C1-E6B3-41E8-9835-E86B1D12FE22}.Debug|Any CPU.ActiveCfg = Debug|Any CPU
		{6AC120C1-E6B3-41E8-9835-E86B1D12FE22}.Debug|Any CPU.Build.0 = Debug|Any CPU
		{6AC120C1-E6B3-41E8-9835-E86B1D12FE22}.Release|Any CPU.ActiveCfg = Release|Any CPU
		{6AC120C1-E6B3-41E8-9835-E86B1D12FE22}.Release|Any CPU.Build.0 = Release|Any CPU
	EndGlobalSection
	GlobalSection(SolutionProperties) = preSolution
		HideSolutionNode = FALSE
	EndGlobalSection
	GlobalSection(ExtensibilityGlobals) = postSolution
		SolutionGuid = {26359C15-ED15-4AA5-BEDF-C969CA1CAE52}
	EndGlobalSection
EndGlobal
